
Microsoft Visual Studio Solution File, Format Version 12.00
# Visual Studio 15
VisualStudioVersion = 15.0.28307.168
MinimumVisualStudioVersion = 10.0.40219.1
Project("{FAE04EC0-301F-11D3-BF4B-00C04F79EFBC}") = "MedicalRecordWpfApp", "MedicalRecordWpfApp\MedicalRecordWpfApp.csproj", "{A5BED230-15B2-4B5B-8884-0A603DB3AC3A}"
EndProject
Project("{9A19103F-16F7-4668-BE54-9A1E7A4F7556}") = "MedWebApp", "MedWebApp\MedWebApp.csproj", "{A9536E21-3C49-4F5E-8F09-EAE549B39ED5}"
EndProject
Project("{2150E333-8FDC-42A3-9474-1A3956D46DE8}") = "Solution Items", "Solution Items", "{D6AE0B14-8447-42C1-8082-E8297036F683}"
	ProjectSection(SolutionItems) = preProject
		ReadIt.txt = ReadIt.txt
	EndProjectSection
EndProject
Global
	GlobalSection(SolutionConfigurationPlatforms) = preSolution
		Debug|Any CPU = Debug|Any CPU
		Release|Any CPU = Release|Any CPU
	EndGlobalSection
	GlobalSection(ProjectConfigurationPlatforms) = postSolution
		{A5BED230-15B2-4B5B-8884-0A603DB3AC3A}.Debug|Any CPU.ActiveCfg = Debug|Any CPU
		{A5BED230-15B2-4B5B-8884-0A603DB3AC3A}.Debug|Any CPU.Build.0 = Debug|Any CPU
		{A5BED230-15B2-4B5B-8884-0A603DB3AC3A}.Release|Any CPU.ActiveCfg = Release|Any CPU
		{A5BED230-15B2-4B5B-8884-0A603DB3AC3A}.Release|Any CPU.Build.0 = Release|Any CPU
		{A9536E21-3C49-4F5E-8F09-EAE549B39ED5}.Debug|Any CPU.ActiveCfg = Debug|Any CPU
		{A9536E21-3C49-4F5E-8F09-EAE549B39ED5}.Debug|Any CPU.Build.0 = Debug|Any CPU
		{A9536E21-3C49-4F5E-8F09-EAE549B39ED5}.Release|Any CPU.ActiveCfg = Release|Any CPU
		{A9536E21-3C49-4F5E-8F09-EAE549B39ED5}.Release|Any CPU.Build.0 = Release|Any CPU
	EndGlobalSection
	GlobalSection(SolutionProperties) = preSolution
		HideSolutionNode = FALSE
	EndGlobalSection
	GlobalSection(ExtensibilityGlobals) = postSolution
		SolutionGuid = {67DB9E94-D5AF-4831-BE81-E518E2540C2B}
	EndGlobalSection
EndGlobal
